
Microsoft Visual Studio Solution File, Format Version 12.00
# Visual Studio Version 17
VisualStudioVersion = 17.6.33815.320
MinimumVisualStudioVersion = 10.0.40219.1
Project("{9A19103F-16F7-4668-BE54-9A1E7A4F7556}") = "Core", "Code\Core\Core.csproj", "{7602AAAC-B522-4424-B7E4-00BAECD3D01E}"
EndProject
Project("{9A19103F-16F7-4668-BE54-9A1E7A4F7556}") = "Infrastructure", "Code\Infrastructure\Infrastructure.csproj", "{EC00EF97-8B4C-40E6-85D5-2E15554E2A89}"
EndProject
Project("{2150E333-8FDC-42A3-9474-1A3956D46DE8}") = "Code", "Code", "{54D284AA-EA8E-445A-9F92-6FCE09462073}"
EndProject
Project("{2150E333-8FDC-42A3-9474-1A3956D46DE8}") = "Test", "Test", "{E1FC965E-39E5-47E5-BDE9-744E17B626FF}"
EndProject
Project("{9A19103F-16F7-4668-BE54-9A1E7A4F7556}") = "UnitTest", "Test\UnitTest\UnitTest.csproj", "{F529303B-4B28-46E9-8FD3-F5EB64F8248E}"
EndProject
Project("{9A19103F-16F7-4668-BE54-9A1E7A4F7556}") = "API", "Code\API\API.csproj", "{F4C92C1C-4683-4E55-9D69-D8D1C3B2BD1A}"
EndProject
Global
	GlobalSection(SolutionConfigurationPlatforms) = preSolution
		Debug|Any CPU = Debug|Any CPU
		Release|Any CPU = Release|Any CPU
	EndGlobalSection
	GlobalSection(ProjectConfigurationPlatforms) = postSolution
		{7602AAAC-B522-4424-B7E4-00BAECD3D01E}.Debug|Any CPU.ActiveCfg = Debug|Any CPU
		{7602AAAC-B522-4424-B7E4-00BAECD3D01E}.Debug|Any CPU.Build.0 = Debug|Any CPU
		{7602AAAC-B522-4424-B7E4-00BAECD3D01E}.Release|Any CPU.ActiveCfg = Release|Any CPU
		{7602AAAC-B522-4424-B7E4-00BAECD3D01E}.Release|Any CPU.Build.0 = Release|Any CPU
		{EC00EF97-8B4C-40E6-85D5-2E15554E2A89}.Debug|Any CPU.ActiveCfg = Debug|Any CPU
		{EC00EF97-8B4C-40E6-85D5-2E15554E2A89}.Debug|Any CPU.Build.0 = Debug|Any CPU
		{EC00EF97-8B4C-40E6-85D5-2E15554E2A89}.Release|Any CPU.ActiveCfg = Release|Any CPU
		{EC00EF97-8B4C-40E6-85D5-2E15554E2A89}.Release|Any CPU.Build.0 = Release|Any CPU
		{F529303B-4B28-46E9-8FD3-F5EB64F8248E}.Debug|Any CPU.ActiveCfg = Debug|Any CPU
		{F529303B-4B28-46E9-8FD3-F5EB64F8248E}.Debug|Any CPU.Build.0 = Debug|Any CPU
		{F529303B-4B28-46E9-8FD3-F5EB64F8248E}.Release|Any CPU.ActiveCfg = Release|Any CPU
		{F529303B-4B28-46E9-8FD3-F5EB64F8248E}.Release|Any CPU.Build.0 = Release|Any CPU
		{F4C92C1C-4683-4E55-9D69-D8D1C3B2BD1A}.Debug|Any CPU.ActiveCfg = Debug|Any CPU
		{F4C92C1C-4683-4E55-9D69-D8D1C3B2BD1A}.Debug|Any CPU.Build.0 = Debug|Any CPU
		{F4C92C1C-4683-4E55-9D69-D8D1C3B2BD1A}.Release|Any CPU.ActiveCfg = Release|Any CPU
		{F4C92C1C-4683-4E55-9D69-D8D1C3B2BD1A}.Release|Any CPU.Build.0 = Release|Any CPU
	EndGlobalSection
	GlobalSection(SolutionProperties) = preSolution
		HideSolutionNode = FALSE
	EndGlobalSection
	GlobalSection(NestedProjects) = preSolution
		{7602AAAC-B522-4424-B7E4-00BAECD3D01E} = {54D284AA-EA8E-445A-9F92-6FCE09462073}
		{EC00EF97-8B4C-40E6-85D5-2E15554E2A89} = {54D284AA-EA8E-445A-9F92-6FCE09462073}
		{F529303B-4B28-46E9-8FD3-F5EB64F8248E} = {E1FC965E-39E5-47E5-BDE9-744E17B626FF}
		{F4C92C1C-4683-4E55-9D69-D8D1C3B2BD1A} = {54D284AA-EA8E-445A-9F92-6FCE09462073}
	EndGlobalSection
	GlobalSection(ExtensibilityGlobals) = postSolution
		SolutionGuid = {FB5D11E8-233D-4A13-8B14-BC8C069862E2}
	EndGlobalSection
EndGlobal
